
Microsoft Visual Studio Solution File, Format Version 12.00
# Visual Studio 15
VisualStudioVersion = 15.0.26730.16
MinimumVisualStudioVersion = 10.0.40219.1
Project("{FAE04EC0-301F-11D3-BF4B-00C04F79EFBC}") = "image-finder", "image-finder\image-finder.csproj", "{5279FF76-BA7E-496B-A5BD-3FD8FE7E3DDA}"
EndProject
Global
	GlobalSection(SolutionConfigurationPlatforms) = preSolution
		Debug|Any CPU = Debug|Any CPU
		Release|Any CPU = Release|Any CPU
	EndGlobalSection
	GlobalSection(ProjectConfigurationPlatforms) = postSolution
		{5279FF76-BA7E-496B-A5BD-3FD8FE7E3DDA}.Debug|Any CPU.ActiveCfg = Debug|Any CPU
		{5279FF76-BA7E-496B-A5BD-3FD8FE7E3DDA}.Debug|Any CPU.Build.0 = Debug|Any CPU
		{5279FF76-BA7E-496B-A5BD-3FD8FE7E3DDA}.Release|Any CPU.ActiveCfg = Release|Any CPU
		{5279FF76-BA7E-496B-A5BD-3FD8FE7E3DDA}.Release|Any CPU.Build.0 = Release|Any CPU
	EndGlobalSection
	GlobalSection(SolutionProperties) = preSolution
		HideSolutionNode = FALSE
	EndGlobalSection
	GlobalSection(ExtensibilityGlobals) = postSolution
		SolutionGuid = {7366E7F9-19DE-499C-ACFE-224D891AB7AA}
	EndGlobalSection
EndGlobal
